
Microsoft Visual Studio Solution File, Format Version 12.00
# Visual Studio Version 16
VisualStudioVersion = 16.0.29911.84
MinimumVisualStudioVersion = 10.0.40219.1
Project("{FAE04EC0-301F-11D3-BF4B-00C04F79EFBC}") = "RockGame", "RockGame\RockGame.csproj", "{AE6DF821-82A1-4A7F-9AB8-679C1A02D5A3}"
EndProject
Global
	GlobalSection(SolutionConfigurationPlatforms) = preSolution
		Debug|Any CPU = Debug|Any CPU
		Release|Any CPU = Release|Any CPU
	EndGlobalSection
	GlobalSection(ProjectConfigurationPlatforms) = postSolution
		{AE6DF821-82A1-4A7F-9AB8-679C1A02D5A3}.Debug|Any CPU.ActiveCfg = Debug|Any CPU
		{AE6DF821-82A1-4A7F-9AB8-679C1A02D5A3}.Debug|Any CPU.Build.0 = Debug|Any CPU
		{AE6DF821-82A1-4A7F-9AB8-679C1A02D5A3}.Release|Any CPU.ActiveCfg = Release|Any CPU
		{AE6DF821-82A1-4A7F-9AB8-679C1A02D5A3}.Release|Any CPU.Build.0 = Release|Any CPU
	EndGlobalSection
	GlobalSection(SolutionProperties) = preSolution
		HideSolutionNode = FALSE
	EndGlobalSection
	GlobalSection(ExtensibilityGlobals) = postSolution
		SolutionGuid = {12E97D1C-1CB7-45C0-9DA9-3CDCA7AE7912}
	EndGlobalSection
EndGlobal
